{
  "nodes": {
    "flake-utils": {
      "locked": {
        "lastModified": 1644229661,
        "narHash": "sha256-1YdnJAsNy69bpcjuoKdOYQX0YxZBiCYZo4Twxerqv7k=",
        "owner": "numtide",
        "repo": "flake-utils",
        "rev": "3cecb5b042f7f209c56ffd8371b2711a290ec797",
        "type": "github"
      },
      "original": {
        "owner": "numtide",
        "repo": "flake-utils",
        "type": "github"
      }
    },
    "naersk-flake": {
      "inputs": {
        "nixpkgs": "nixpkgs"
      },
      "locked": {
        "lastModified": 1639947939,
        "narHash": "sha256-pGsM8haJadVP80GFq4xhnSpNitYNQpaXk4cnA796Cso=",
        "owner": "nix-community",
        "repo": "naersk",
        "rev": "2fc8ce9d3c025d59fee349c1f80be9785049d653",
        "type": "github"
      },
      "original": {
        "owner": "nix-community",
        "repo": "naersk",
        "type": "github"
      }
    },
    "nixpkgs": {
      "locked": {
        "lastModified": 1647887150,
        "narHash": "sha256-1TnRvE3qhhafrQnGapaaSVue6nEwRUICkz227TfHHQw=",
        "owner": "NixOS",
        "repo": "nixpkgs",
        "rev": "4c3c80df545ec5cb26b5480979c3e3f93518cbe5",
        "type": "github"
      },
      "original": {
        "id": "nixpkgs",
        "type": "indirect"
      }
    },
    "nixpkgs_2": {
      "locked": {
        "lastModified": 1648136313,
        "narHash": "sha256-y/an2ms+XiGctRz9EuiiRLdaPKanhpc0UApILIp/Ho0=",
        "owner": "NixOS",
        "repo": "nixpkgs",
        "rev": "6ea8d5ee71793e236a19af3b5686a1ccdb0af3da",
        "type": "github"
      },
      "original": {
        "owner": "NixOS",
        "repo": "nixpkgs",
        "type": "github"
      }
    },
    "root": {
      "inputs": {
        "flake-utils": "flake-utils",
        "naersk-flake": "naersk-flake",
        "nixpkgs": "nixpkgs_2",
        "rust-overlay": "rust-overlay"
      }
    },
    "rust-overlay": {
      "locked": {
        "lastModified": 1645464064,
        "narHash": "sha256-YeN4bpPvHkVOpQzb8APTAfE7/R+MFMwJUMkqmfvytSk=",
        "owner": "mozilla",
        "repo": "nixpkgs-mozilla",
        "rev": "15b7a05f20aab51c4ffbefddb1b448e862dccb7d",
        "type": "github"
      },
      "original": {
        "owner": "mozilla",
        "repo": "nixpkgs-mozilla",
        "type": "github"
      }
    }
  },
  "root": "root",
  "version": 7
}
