{
  "nodes": {
    "all-cabal-hashes-unpacked": {
      "flake": false,
      "locked": {
        "lastModified": 1669930061,
        "narHash": "sha256-uesjQE/L5nJU8rZiI61Ukv1K3Z4qWXjMoyGpZhKdhoo=",
        "owner": "commercialhaskell",
        "repo": "all-cabal-hashes",
        "rev": "5398472dd4bce77ea344e9dcf47336ebec68fd87",
        "type": "github"
      },
      "original": {
        "owner": "commercialhaskell",
        "ref": "current-hackage",
        "repo": "all-cabal-hashes",
        "type": "github"
      }
    },
    "flake-utils": {
      "locked": {
        "lastModified": 1667395993,
        "narHash": "sha256-nuEHfE/LcWyuSWnS8t12N1wc105Qtau+/OdUAjtQ0rA=",
        "owner": "numtide",
        "repo": "flake-utils",
        "rev": "5aed5285a952e0b949eb3ba02c12fa4fcfef535f",
        "type": "github"
      },
      "original": {
        "owner": "numtide",
        "repo": "flake-utils",
        "type": "github"
      }
    },
    "naersk-flake": {
      "inputs": {
        "nixpkgs": "nixpkgs"
      },
      "locked": {
        "lastModified": 1662220400,
        "narHash": "sha256-9o2OGQqu4xyLZP9K6kNe1pTHnyPz0Wr3raGYnr9AIgY=",
        "owner": "nix-community",
        "repo": "naersk",
        "rev": "6944160c19cb591eb85bbf9b2f2768a935623ed3",
        "type": "github"
      },
      "original": {
        "owner": "nix-community",
        "repo": "naersk",
        "type": "github"
      }
    },
    "nixpkgs": {
      "locked": {
        "lastModified": 1669900182,
        "narHash": "sha256-EKxjHxRJnP1w+2nnm8pq4Uqkqa5McnfPXcO8cG8Mxzc=",
        "owner": "NixOS",
        "repo": "nixpkgs",
        "rev": "bcb6dbbe30ce7631e5a0865dff1ab9b63d92977d",
        "type": "github"
      },
      "original": {
        "id": "nixpkgs",
        "type": "indirect"
      }
    },
    "nixpkgs_2": {
      "locked": {
        "lastModified": 1669927173,
        "narHash": "sha256-Z7rSKzC5OuWv5Q7RRNQPZb0jVJRJk0BJB6/fGZzaAIU=",
        "owner": "NixOS",
        "repo": "nixpkgs",
        "rev": "9063accddd2e68dcc71032459a58399e977374c9",
        "type": "github"
      },
      "original": {
        "owner": "NixOS",
        "repo": "nixpkgs",
        "type": "github"
      }
    },
    "root": {
      "inputs": {
        "all-cabal-hashes-unpacked": "all-cabal-hashes-unpacked",
        "flake-utils": "flake-utils",
        "naersk-flake": "naersk-flake",
        "nixpkgs": "nixpkgs_2",
        "rust-overlay": "rust-overlay"
      }
    },
    "rust-overlay": {
      "locked": {
        "lastModified": 1664789696,
        "narHash": "sha256-UGWJHQShiwLCr4/DysMVFrYdYYHcOqAOVsWNUu+l6YU=",
        "owner": "mozilla",
        "repo": "nixpkgs-mozilla",
        "rev": "80627b282705101e7b38e19ca6e8df105031b072",
        "type": "github"
      },
      "original": {
        "owner": "mozilla",
        "repo": "nixpkgs-mozilla",
        "type": "github"
      }
    }
  },
  "root": "root",
  "version": 7
}
